
Microsoft Visual Studio Solution File, Format Version 12.00
# Visual Studio 15
Project("{FAE04EC0-301F-11D3-BF4B-00C04F79EFBC}") = "Assembly-CSharp", "Assembly-CSharp.csproj", "{01F7C3E6-7BD5-32A3-E364-F07A95D24D9E}"
EndProject
Project("{FAE04EC0-301F-11D3-BF4B-00C04F79EFBC}") = "Assembly-CSharp-firstpass", "Assembly-CSharp-firstpass.csproj", "{E668AFD0-CA45-56F4-DF6D-6A113E9E6C0D}"
EndProject
Project("{FAE04EC0-301F-11D3-BF4B-00C04F79EFBC}") = "Assembly-CSharp-Editor-firstpass", "Assembly-CSharp-Editor-firstpass.csproj", "{C3487C4D-89EB-DE5B-FCB2-5271518EF056}"
EndProject
Global
	GlobalSection(SolutionConfigurationPlatforms) = preSolution
		Debug|Any CPU = Debug|Any CPU
		Release|Any CPU = Release|Any CPU
	EndGlobalSection
	GlobalSection(ProjectConfigurationPlatforms) = postSolution
		{01F7C3E6-7BD5-32A3-E364-F07A95D24D9E}.Debug|Any CPU.ActiveCfg = Debug|Any CPU
		{01F7C3E6-7BD5-32A3-E364-F07A95D24D9E}.Debug|Any CPU.Build.0 = Debug|Any CPU
		{01F7C3E6-7BD5-32A3-E364-F07A95D24D9E}.Release|Any CPU.ActiveCfg = Release|Any CPU
		{01F7C3E6-7BD5-32A3-E364-F07A95D24D9E}.Release|Any CPU.Build.0 = Release|Any CPU
		{E668AFD0-CA45-56F4-DF6D-6A113E9E6C0D}.Debug|Any CPU.ActiveCfg = Debug|Any CPU
		{E668AFD0-CA45-56F4-DF6D-6A113E9E6C0D}.Debug|Any CPU.Build.0 = Debug|Any CPU
		{E668AFD0-CA45-56F4-DF6D-6A113E9E6C0D}.Release|Any CPU.ActiveCfg = Release|Any CPU
		{E668AFD0-CA45-56F4-DF6D-6A113E9E6C0D}.Release|Any CPU.Build.0 = Release|Any CPU
		{C3487C4D-89EB-DE5B-FCB2-5271518EF056}.Debug|Any CPU.ActiveCfg = Debug|Any CPU
		{C3487C4D-89EB-DE5B-FCB2-5271518EF056}.Debug|Any CPU.Build.0 = Debug|Any CPU
		{C3487C4D-89EB-DE5B-FCB2-5271518EF056}.Release|Any CPU.ActiveCfg = Release|Any CPU
		{C3487C4D-89EB-DE5B-FCB2-5271518EF056}.Release|Any CPU.Build.0 = Release|Any CPU
	EndGlobalSection
	GlobalSection(SolutionProperties) = preSolution
		HideSolutionNode = FALSE
	EndGlobalSection
EndGlobal
